
Microsoft Visual Studio Solution File, Format Version 12.00
# Visual Studio Version 17
VisualStudioVersion = 17.12.35527.113 d17.12
MinimumVisualStudioVersion = 10.0.40219.1
Project("{FAE04EC0-301F-11D3-BF4B-00C04F79EFBC}") = "EmojiMapNet9", "EmojiMapNet9.csproj", "{C02B7390-3172-42E6-ADCD-6DEA83BE4A36}"
EndProject
Project("{FAE04EC0-301F-11D3-BF4B-00C04F79EFBC}") = "EmojiMapNet9.Tests", "..\EmojiMapNet9.Tests\EmojiMapNet9.Tests.csproj", "{3149D451-2516-4E92-820A-2BBA8D140A1B}"
EndProject
Global
	GlobalSection(SolutionConfigurationPlatforms) = preSolution
		Debug|Any CPU = Debug|Any CPU
		Release|Any CPU = Release|Any CPU
	EndGlobalSection
	GlobalSection(ProjectConfigurationPlatforms) = postSolution
		{C02B7390-3172-42E6-ADCD-6DEA83BE4A36}.Debug|Any CPU.ActiveCfg = Debug|Any CPU
		{C02B7390-3172-42E6-ADCD-6DEA83BE4A36}.Debug|Any CPU.Build.0 = Debug|Any CPU
		{C02B7390-3172-42E6-ADCD-6DEA83BE4A36}.Release|Any CPU.ActiveCfg = Release|Any CPU
		{C02B7390-3172-42E6-ADCD-6DEA83BE4A36}.Release|Any CPU.Build.0 = Release|Any CPU
		{3149D451-2516-4E92-820A-2BBA8D140A1B}.Debug|Any CPU.ActiveCfg = Debug|Any CPU
		{3149D451-2516-4E92-820A-2BBA8D140A1B}.Debug|Any CPU.Build.0 = Debug|Any CPU
		{3149D451-2516-4E92-820A-2BBA8D140A1B}.Release|Any CPU.ActiveCfg = Release|Any CPU
		{3149D451-2516-4E92-820A-2BBA8D140A1B}.Release|Any CPU.Build.0 = Release|Any CPU
	EndGlobalSection
	GlobalSection(SolutionProperties) = preSolution
		HideSolutionNode = FALSE
	EndGlobalSection
EndGlobal
